<Solution>
    <Folder Name="/src/">
        <Project Path="src/ConversionReporter.Contracts.Grpc/ConversionReporter.Contracts.Grpc.csproj"/>
        <Project Path="src/ConversionReporter/ConversionReporter.csproj"/>
        <Project Path="src/ConversionReporter.Contracts.Events/ConversionReporter.Contracts.Events.csproj"/>
    </Folder>
    <Folder Name="/tests/">
        <Project Path="tests/ConversionReporter.IntegrationTests/ConversionReporter.IntegrationTests.csproj"/>
        <Project Path="tests/ConversionReporter.Tests/ConversionReporter.Tests.csproj"/>
    </Folder>
</Solution>
